
Microsoft Visual Studio Solution File, Format Version 12.00
# Visual Studio Version 17
VisualStudioVersion = 17.7.34221.43
MinimumVisualStudioVersion = 10.0.40219.1
Project("{FAE04EC0-301F-11D3-BF4B-00C04F79EFBC}") = "BookStore-DSPS1B", "BookStore-DSPS1B.csproj", "{80025305-98EB-40E4-863F-4A9C05F4D1B7}"
EndProject
Global
	GlobalSection(SolutionConfigurationPlatforms) = preSolution
		Debug|Any CPU = Debug|Any CPU
		Release|Any CPU = Release|Any CPU
	EndGlobalSection
	GlobalSection(ProjectConfigurationPlatforms) = postSolution
		{80025305-98EB-40E4-863F-4A9C05F4D1B7}.Debug|Any CPU.ActiveCfg = Debug|Any CPU
		{80025305-98EB-40E4-863F-4A9C05F4D1B7}.Debug|Any CPU.Build.0 = Debug|Any CPU
		{80025305-98EB-40E4-863F-4A9C05F4D1B7}.Release|Any CPU.ActiveCfg = Release|Any CPU
		{80025305-98EB-40E4-863F-4A9C05F4D1B7}.Release|Any CPU.Build.0 = Release|Any CPU
	EndGlobalSection
	GlobalSection(SolutionProperties) = preSolution
		HideSolutionNode = FALSE
	EndGlobalSection
	GlobalSection(ExtensibilityGlobals) = postSolution
		SolutionGuid = {33D12F8B-476A-40A1-A7B8-EB9A703D0FCC}
	EndGlobalSection
EndGlobal
